{
  "name": "DisasterApp",
  "lockfileVersion": 3,
  "requires": true,
  "packages": {
    "": {
      "dependencies": {
        "react-create": "^1.0.2"
      }
    },
    "node_modules/react-create": {
      "version": "1.0.2",
      "resolved": "https://registry.npmjs.org/react-create/-/react-create-1.0.2.tgz",
      "integrity": "sha512-h09SWx1VtQUWyqpkpc4Mn/zw+EonediT8WvNltdYltVD5vZOKo7rr6G9Kr/LLU+AmFZAjUNghXsa1Avk2+4DTA==",
      "license": "MIT",
      "bin": {
        "react-create": "lib/index.js"
      }
    }
  }
}
